
Microsoft Visual Studio Solution File, Format Version 12.00
# Visual Studio Version 16
VisualStudioVersion = 16.0.31624.102
MinimumVisualStudioVersion = 10.0.40219.1
Project("{FAE04EC0-301F-11D3-BF4B-00C04F79EFBC}") = "Tech Assignment 1 - Simple Console App", "Tech Assignment 1 - Simple Console App\Tech Assignment 1 - Simple Console App.csproj", "{223A395B-AB03-45A6-BDD1-A74F37285A85}"
EndProject
Global
	GlobalSection(SolutionConfigurationPlatforms) = preSolution
		Debug|Any CPU = Debug|Any CPU
		Release|Any CPU = Release|Any CPU
	EndGlobalSection
	GlobalSection(ProjectConfigurationPlatforms) = postSolution
		{223A395B-AB03-45A6-BDD1-A74F37285A85}.Debug|Any CPU.ActiveCfg = Debug|Any CPU
		{223A395B-AB03-45A6-BDD1-A74F37285A85}.Debug|Any CPU.Build.0 = Debug|Any CPU
		{223A395B-AB03-45A6-BDD1-A74F37285A85}.Release|Any CPU.ActiveCfg = Release|Any CPU
		{223A395B-AB03-45A6-BDD1-A74F37285A85}.Release|Any CPU.Build.0 = Release|Any CPU
	EndGlobalSection
	GlobalSection(SolutionProperties) = preSolution
		HideSolutionNode = FALSE
	EndGlobalSection
	GlobalSection(ExtensibilityGlobals) = postSolution
		SolutionGuid = {8D12D5B5-4D5F-4BF4-9E32-FA735DE71022}
	EndGlobalSection
EndGlobal
